PODS:
  - IrohaCrypto/Common (0.7.2)
  - IrohaCrypto/Iroha (0.7.2):
    - IrohaCrypto/Common
  - SoraCrypto (0.2.0):
    - IrohaCrypto/Iroha (~> 0.7.0)
    - SoraDocuments
  - SoraDocuments (0.1.2)

DEPENDENCIES:
  - SoraCrypto (from `../`)

SPEC REPOS:
  https://github.com/CocoaPods/Specs.git:
    - IrohaCrypto
  https://github.com/soramitsu/podspec-ios.git:
    - SoraDocuments

EXTERNAL SOURCES:
  SoraCrypto:
    :path: "../"

SPEC CHECKSUMS:
  IrohaCrypto: bddf15865c4df189b9c5273ba9c675afae8b7f4c
  SoraCrypto: c18690ac31fe6f2e4544ed45ae00bc79f597d7e7
  SoraDocuments: 15c40b30e0e90d08eeb8c79c83977465bc3cf3a2

PODFILE CHECKSUM: d2b240a59973ab28f9ce15e50874340b675a1101

COCOAPODS: 1.10.0
